// !$*UTF8*$!
{
	archiveVersion = 1;
	classes = {
	};
	objectVersion = 48;
	objects = {

/* Begin PBXBuildFile section */
		854527CE204048CF00DFC643 /* AppDelegate.swift in Sources */ = {isa = PBXBuildFile; fileRef = 854527CD204048CF00DFC643 /* AppDelegate.swift */; };
		854527D0204048CF00DFC643 /* SettingsViewController.swift in Sources */ = {isa = PBXBuildFile; fileRef = 854527CF204048CF00DFC643 /* SettingsViewController.swift */; };
		854527D2204048CF00DFC643 /* Assets.xcassets in Resources */ = {isa = PBXBuildFile; fileRef = 854527D1204048CF00DFC643 /* Assets.xcassets */; };
		854527D5204048CF00DFC643 /* Main.storyboard in Resources */ = {isa = PBXBuildFile; fileRef = 854527D3204048CF00DFC643 /* Main.storyboard */; };
		854527DE204085F800DFC643 /* GithubPolling.swift in Sources */ = {isa = PBXBuildFile; fileRef = 854527DD204085F800DFC643 /* GithubPolling.swift */; };
		854527E02040862900DFC643 /* AppSettings.swift in Sources */ = {isa = PBXBuildFile; fileRef = 854527DF2040862900DFC643 /* AppSettings.swift */; };
		854527E62040E3B600DFC643 /* AddRepoViewController.swift in Sources */ = {isa = PBXBuildFile; fileRef = 854527E52040E3B600DFC643 /* AddRepoViewController.swift */; };
		859F7034206BD91900A33DA4 /* RepoSettingsViewController.swift in Sources */ = {isa = PBXBuildFile; fileRef = 859F7033206BD91900A33DA4 /* RepoSettingsViewController.swift */; };
		85B9B90F204720E10086E994 /* AboutViewController.swift in Sources */ = {isa = PBXBuildFile; fileRef = 85B9B90E204720E10086E994 /* AboutViewController.swift */; };
		85B9B91020473B8D0086E994 /* Alamofire.framework in Frameworks */ = {isa = PBXBuildFile; fileRef = 854527E2204098F700DFC643 /* Alamofire.framework */; };
		85B9B912204743180086E994 /* Git.swift in Sources */ = {isa = PBXBuildFile; fileRef = 85B9B911204743180086E994 /* Git.swift */; };
/* End PBXBuildFile section */

/* Begin PBXFileReference section */
		854527CA204048CF00DFC643 /* PRBuddy.app */ = {isa = PBXFileReference; explicitFileType = wrapper.application; includeInIndex = 0; path = PRBuddy.app; sourceTree = BUILT_PRODUCTS_DIR; };
		854527CD204048CF00DFC643 /* AppDelegate.swift */ = {isa = PBXFileReference; lastKnownFileType = sourcecode.swift; path = AppDelegate.swift; sourceTree = "<group>"; };
		854527CF204048CF00DFC643 /* SettingsViewController.swift */ = {isa = PBXFileReference; lastKnownFileType = sourcecode.swift; path = SettingsViewController.swift; sourceTree = "<group>"; };
		854527D1204048CF00DFC643 /* Assets.xcassets */ = {isa = PBXFileReference; lastKnownFileType = folder.assetcatalog; path = Assets.xcassets; sourceTree = "<group>"; };
		854527D4204048CF00DFC643 /* Base */ = {isa = PBXFileReference; lastKnownFileType = file.storyboard; name = Base; path = Base.lproj/Main.storyboard; sourceTree = "<group>"; };
		854527D6204048CF00DFC643 /* Info.plist */ = {isa = PBXFileReference; lastKnownFileType = text.plist.xml; path = Info.plist; sourceTree = "<group>"; };
		854527D7204048CF00DFC643 /* PRBuddy.entitlements */ = {isa = PBXFileReference; lastKnownFileType = text.plist.entitlements; path = PRBuddy.entitlements; sourceTree = "<group>"; };
		854527DD204085F800DFC643 /* GithubPolling.swift */ = {isa = PBXFileReference; lastKnownFileType = sourcecode.swift; path = GithubPolling.swift; sourceTree = "<group>"; };
		854527DF2040862900DFC643 /* AppSettings.swift */ = {isa = PBXFileReference; lastKnownFileType = sourcecode.swift; path = AppSettings.swift; sourceTree = "<group>"; };
		854527E2204098F700DFC643 /* Alamofire.framework */ = {isa = PBXFileReference; lastKnownFileType = wrapper.framework; name = Alamofire.framework; path = Carthage/Build/Mac/Alamofire.framework; sourceTree = "<group>"; };
		854527E52040E3B600DFC643 /* AddRepoViewController.swift */ = {isa = PBXFileReference; lastKnownFileType = sourcecode.swift; path = AddRepoViewController.swift; sourceTree = "<group>"; };
		859F7033206BD91900A33DA4 /* RepoSettingsViewController.swift */ = {isa = PBXFileReference; lastKnownFileType = sourcecode.swift; path = RepoSettingsViewController.swift; sourceTree = "<group>"; };
		85B9B90E204720E10086E994 /* AboutViewController.swift */ = {isa = PBXFileReference; lastKnownFileType = sourcecode.swift; path = AboutViewController.swift; sourceTree = "<group>"; };
		85B9B911204743180086E994 /* Git.swift */ = {isa = PBXFileReference; lastKnownFileType = sourcecode.swift; path = Git.swift; sourceTree = "<group>"; };
/* End PBXFileReference section */

/* Begin PBXFrameworksBuildPhase section */
		854527C7204048CF00DFC643 /* Frameworks */ = {
			isa = PBXFrameworksBuildPhase;
			buildActionMask = 2147483647;
			files = (
				85B9B91020473B8D0086E994 /* Alamofire.framework in Frameworks */,
			);
			runOnlyForDeploymentPostprocessing = 0;
		};
/* End PBXFrameworksBuildPhase section */

/* Begin PBXGroup section */
		854527C1204048CF00DFC643 = {
			isa = PBXGroup;
			children = (
				854527CC204048CF00DFC643 /* PRBuddy */,
				854527CB204048CF00DFC643 /* Products */,
				854527E1204098F700DFC643 /* Frameworks */,
			);
			sourceTree = "<group>";
		};
		854527CB204048CF00DFC643 /* Products */ = {
			isa = PBXGroup;
			children = (
				854527CA204048CF00DFC643 /* PRBuddy.app */,
			);
			name = Products;
			sourceTree = "<group>";
		};
		854527CC204048CF00DFC643 /* PRBuddy */ = {
			isa = PBXGroup;
			children = (
				85B9B90E204720E10086E994 /* AboutViewController.swift */,
				854527E52040E3B600DFC643 /* AddRepoViewController.swift */,
				854527CD204048CF00DFC643 /* AppDelegate.swift */,
				854527DF2040862900DFC643 /* AppSettings.swift */,
				854527D1204048CF00DFC643 /* Assets.xcassets */,
				85B9B911204743180086E994 /* Git.swift */,
				854527DD204085F800DFC643 /* GithubPolling.swift */,
				854527D6204048CF00DFC643 /* Info.plist */,
				854527D3204048CF00DFC643 /* Main.storyboard */,
				854527D7204048CF00DFC643 /* PRBuddy.entitlements */,
				859F7033206BD91900A33DA4 /* RepoSettingsViewController.swift */,
				854527CF204048CF00DFC643 /* SettingsViewController.swift */,
			);
			path = PRBuddy;
			sourceTree = "<group>";
		};
		854527E1204098F700DFC643 /* Frameworks */ = {
			isa = PBXGroup;
			children = (
				854527E2204098F700DFC643 /* Alamofire.framework */,
			);
			name = Frameworks;
			sourceTree = "<group>";
		};
/* End PBXGroup section */

/* Begin PBXNativeTarget section */
		854527C9204048CF00DFC643 /* PRBuddy */ = {
			isa = PBXNativeTarget;
			buildConfigurationList = 854527DA204048CF00DFC643 /* Build configuration list for PBXNativeTarget "PRBuddy" */;
			buildPhases = (
				854527C6204048CF00DFC643 /* Sources */,
				854527C7204048CF00DFC643 /* Frameworks */,
				854527C8204048CF00DFC643 /* Resources */,
				854527E4204099A600DFC643 /* Cathage Copy Frameworks */,
			);
			buildRules = (
			);
			dependencies = (
			);
			name = PRBuddy;
			productName = PRBuddy;
			productReference = 854527CA204048CF00DFC643 /* PRBuddy.app */;
			productType = "com.apple.product-type.application";
		};
/* End PBXNativeTarget section */

/* Begin PBXProject section */
		854527C2204048CF00DFC643 /* Project object */ = {
			isa = PBXProject;
			attributes = {
				LastSwiftUpdateCheck = 0920;
				LastUpgradeCheck = 0920;
				ORGANIZATIONNAME = "DuckDuckGo, Inc.";
				TargetAttributes = {
					854527C9204048CF00DFC643 = {
						CreatedOnToolsVersion = 9.2;
						LastSwiftMigration = 1000;
						ProvisioningStyle = Automatic;
					};
				};
			};
			buildConfigurationList = 854527C5204048CF00DFC643 /* Build configuration list for PBXProject "PRBuddy" */;
			compatibilityVersion = "Xcode 8.0";
			developmentRegion = en;
			hasScannedForEncodings = 0;
			knownRegions = (
				en,
				Base,
			);
			mainGroup = 854527C1204048CF00DFC643;
			productRefGroup = 854527CB204048CF00DFC643 /* Products */;
			projectDirPath = "";
			projectRoot = "";
			targets = (
				854527C9204048CF00DFC643 /* PRBuddy */,
			);
		};
/* End PBXProject section */

/* Begin PBXResourcesBuildPhase section */
		854527C8204048CF00DFC643 /* Resources */ = {
			isa = PBXResourcesBuildPhase;
			buildActionMask = 2147483647;
			files = (
				854527D2204048CF00DFC643 /* Assets.xcassets in Resources */,
				854527D5204048CF00DFC643 /* Main.storyboard in Resources */,
			);
			runOnlyForDeploymentPostprocessing = 0;
		};
/* End PBXResourcesBuildPhase section */

/* Begin PBXShellScriptBuildPhase section */
		854527E4204099A600DFC643 /* Cathage Copy Frameworks */ = {
			isa = PBXShellScriptBuildPhase;
			buildActionMask = 2147483647;
			files = (
			);
			inputPaths = (
				"$(SRCROOT)/Carthage/Build/Mac/Alamofire.framework",
			);
			name = "Cathage Copy Frameworks";
			outputPaths = (
				"$(BUILT_PRODUCTS_DIR)/$(FRAMEWORKS_FOLDER_PATH)/Alamofire.framework",
			);
			runOnlyForDeploymentPostprocessing = 0;
			shellPath = /bin/sh;
			shellScript = "/usr/local/bin/carthage copy-frameworks ";
		};
/* End PBXShellScriptBuildPhase section */

/* Begin PBXSourcesBuildPhase section */
		854527C6204048CF00DFC643 /* Sources */ = {
			isa = PBXSourcesBuildPhase;
			buildActionMask = 2147483647;
			files = (
				85B9B90F204720E10086E994 /* AboutViewController.swift in Sources */,
				854527E62040E3B600DFC643 /* AddRepoViewController.swift in Sources */,
				859F7034206BD91900A33DA4 /* RepoSettingsViewController.swift in Sources */,
				854527D0204048CF00DFC643 /* SettingsViewController.swift in Sources */,
				854527DE204085F800DFC643 /* GithubPolling.swift in Sources */,
				854527E02040862900DFC643 /* AppSettings.swift in Sources */,
				85B9B912204743180086E994 /* Git.swift in Sources */,
				854527CE204048CF00DFC643 /* AppDelegate.swift in Sources */,
			);
			runOnlyForDeploymentPostprocessing = 0;
		};
/* End PBXSourcesBuildPhase section */

/* Begin PBXVariantGroup section */
		854527D3204048CF00DFC643 /* Main.storyboard */ = {
			isa = PBXVariantGroup;
			children = (
				854527D4204048CF00DFC643 /* Base */,
			);
			name = Main.storyboard;
			sourceTree = "<group>";
		};
/* End PBXVariantGroup section */

/* Begin XCBuildConfiguration section */
		854527D8204048CF00DFC643 /* Debug */ = {
			isa = XCBuildConfiguration;
			buildSettings = {
				ALWAYS_SEARCH_USER_PATHS = NO;
				CLANG_ANALYZER_NONNULL = YES;
				CLANG_ANALYZER_NUMBER_OBJECT_CONVERSION = YES_AGGRESSIVE;
				CLANG_CXX_LANGUAGE_STANDARD = "gnu++14";
				CLANG_CXX_LIBRARY = "libc++";
				CLANG_ENABLE_MODULES = YES;
				CLANG_ENABLE_OBJC_ARC = YES;
				CLANG_WARN_BLOCK_CAPTURE_AUTORELEASING = YES;
				CLANG_WARN_BOOL_CONVERSION = YES;
				CLANG_WARN_COMMA = YES;
				CLANG_WARN_CONSTANT_CONVERSION = YES;
				CLANG_WARN_DIRECT_OBJC_ISA_USAGE = YES_ERROR;
				CLANG_WARN_DOCUMENTATION_COMMENTS = YES;
				CLANG_WARN_EMPTY_BODY = YES;
				CLANG_WARN_ENUM_CONVERSION = YES;
				CLANG_WARN_INFINITE_RECURSION = YES;
				CLANG_WARN_INT_CONVERSION = YES;
				CLANG_WARN_NON_LITERAL_NULL_CONVERSION = YES;
				CLANG_WARN_OBJC_LITERAL_CONVERSION = YES;
				CLANG_WARN_OBJC_ROOT_CLASS = YES_ERROR;
				CLANG_WARN_RANGE_LOOP_ANALYSIS = YES;
				CLANG_WARN_STRICT_PROTOTYPES = YES;
				CLANG_WARN_SUSPICIOUS_MOVE = YES;
				CLANG_WARN_UNGUARDED_AVAILABILITY = YES_AGGRESSIVE;
				CLANG_WARN_UNREACHABLE_CODE = YES;
				CLANG_WARN__DUPLICATE_METHOD_MATCH = YES;
				CODE_SIGN_IDENTITY = "Mac Developer";
				COPY_PHASE_STRIP = NO;
				DEBUG_INFORMATION_FORMAT = dwarf;
				ENABLE_STRICT_OBJC_MSGSEND = YES;
				ENABLE_TESTABILITY = YES;
				GCC_C_LANGUAGE_STANDARD = gnu11;
				GCC_DYNAMIC_NO_PIC = NO;
				GCC_NO_COMMON_BLOCKS = YES;
				GCC_OPTIMIZATION_LEVEL = 0;
				GCC_PREPROCESSOR_DEFINITIONS = (
					"DEBUG=1",
					"$(inherited)",
				);
				GCC_WARN_64_TO_32_BIT_CONVERSION = YES;
				GCC_WARN_ABOUT_RETURN_TYPE = YES_ERROR;
				GCC_WARN_UNDECLARED_SELECTOR = YES;
				GCC_WARN_UNINITIALIZED_AUTOS = YES_AGGRESSIVE;
				GCC_WARN_UNUSED_FUNCTION = YES;
				GCC_WARN_UNUSED_VARIABLE = YES;
				MACOSX_DEPLOYMENT_TARGET = 10.13;
				MTL_ENABLE_DEBUG_INFO = YES;
				ONLY_ACTIVE_ARCH = YES;
				SDKROOT = macosx;
				SWIFT_ACTIVE_COMPILATION_CONDITIONS = DEBUG;
				SWIFT_OPTIMIZATION_LEVEL = "-Onone";
			};
			name = Debug;
		};
		854527D9204048CF00DFC643 /* Release */ = {
			isa = XCBuildConfiguration;
			buildSettings = {
				ALWAYS_SEARCH_USER_PATHS = NO;
				CLANG_ANALYZER_NONNULL = YES;
				CLANG_ANALYZER_NUMBER_OBJECT_CONVERSION = YES_AGGRESSIVE;
				CLANG_CXX_LANGUAGE_STANDARD = "gnu++14";
				CLANG_CXX_LIBRARY = "libc++";
				CLANG_ENABLE_MODULES = YES;
				CLANG_ENABLE_OBJC_ARC = YES;
				CLANG_WARN_BLOCK_CAPTURE_AUTORELEASING = YES;
				CLANG_WARN_BOOL_CONVERSION = YES;
				CLANG_WARN_COMMA = YES;
				CLANG_WARN_CONSTANT_CONVERSION = YES;
				CLANG_WARN_DIRECT_OBJC_ISA_USAGE = YES_ERROR;
				CLANG_WARN_DOCUMENTATION_COMMENTS = YES;
				CLANG_WARN_EMPTY_BODY = YES;
				CLANG_WARN_ENUM_CONVERSION = YES;
				CLANG_WARN_INFINITE_RECURSION = YES;
				CLANG_WARN_INT_CONVERSION = YES;
				CLANG_WARN_NON_LITERAL_NULL_CONVERSION = YES;
				CLANG_WARN_OBJC_LITERAL_CONVERSION = YES;
				CLANG_WARN_OBJC_ROOT_CLASS = YES_ERROR;
				CLANG_WARN_RANGE_LOOP_ANALYSIS = YES;
				CLANG_WARN_STRICT_PROTOTYPES = YES;
				CLANG_WARN_SUSPICIOUS_MOVE = YES;
				CLANG_WARN_UNGUARDED_AVAILABILITY = YES_AGGRESSIVE;
				CLANG_WARN_UNREACHABLE_CODE = YES;
				CLANG_WARN__DUPLICATE_METHOD_MATCH = YES;
				CODE_SIGN_IDENTITY = "Mac Developer";
				COPY_PHASE_STRIP = NO;
				DEBUG_INFORMATION_FORMAT = "dwarf-with-dsym";
				ENABLE_NS_ASSERTIONS = NO;
				ENABLE_STRICT_OBJC_MSGSEND = YES;
				GCC_C_LANGUAGE_STANDARD = gnu11;
				GCC_NO_COMMON_BLOCKS = YES;
				GCC_WARN_64_TO_32_BIT_CONVERSION = YES;
				GCC_WARN_ABOUT_RETURN_TYPE = YES_ERROR;
				GCC_WARN_UNDECLARED_SELECTOR = YES;
				GCC_WARN_UNINITIALIZED_AUTOS = YES_AGGRESSIVE;
				GCC_WARN_UNUSED_FUNCTION = YES;
				GCC_WARN_UNUSED_VARIABLE = YES;
				MACOSX_DEPLOYMENT_TARGET = 10.13;
				MTL_ENABLE_DEBUG_INFO = NO;
				SDKROOT = macosx;
				SWIFT_OPTIMIZATION_LEVEL = "-Owholemodule";
			};
			name = Release;
		};
		854527DB204048CF00DFC643 /* Debug */ = {
			isa = XCBuildConfiguration;
			buildSettings = {
				ASSETCATALOG_COMPILER_APPICON_NAME = AppIcon;
				CODE_SIGN_ENTITLEMENTS = PRBuddy/PRBuddy.entitlements;
				CODE_SIGN_STYLE = Automatic;
				COMBINE_HIDPI_IMAGES = YES;
				DEVELOPMENT_TEAM = EVNNUL2F2G;
				FRAMEWORK_SEARCH_PATHS = (
					"$(inherited)",
					"$(PROJECT_DIR)/Carthage/Build/Mac",
				);
				INFOPLIST_FILE = PRBuddy/Info.plist;
				LD_RUNPATH_SEARCH_PATHS = "$(inherited) @executable_path/../Frameworks";
				PRODUCT_BUNDLE_IDENTIFIER = uk.org.brindy.macos.PRBuddy;
				PRODUCT_NAME = "$(TARGET_NAME)";
				SWIFT_VERSION = 4.2;
			};
			name = Debug;
		};
		854527DC204048CF00DFC643 /* Release */ = {
			isa = XCBuildConfiguration;
			buildSettings = {
				ASSETCATALOG_COMPILER_APPICON_NAME = AppIcon;
				CODE_SIGN_ENTITLEMENTS = PRBuddy/PRBuddy.entitlements;
				CODE_SIGN_STYLE = Automatic;
				COMBINE_HIDPI_IMAGES = YES;
				DEVELOPMENT_TEAM = EVNNUL2F2G;
				FRAMEWORK_SEARCH_PATHS = (
					"$(inherited)",
					"$(PROJECT_DIR)/Carthage/Build/Mac",
				);
				INFOPLIST_FILE = PRBuddy/Info.plist;
				LD_RUNPATH_SEARCH_PATHS = "$(inherited) @executable_path/../Frameworks";
				PRODUCT_BUNDLE_IDENTIFIER = uk.org.brindy.macos.PRBuddy;
				PRODUCT_NAME = "$(TARGET_NAME)";
				SWIFT_VERSION = 4.2;
			};
			name = Release;
		};
/* End XCBuildConfiguration section */

/* Begin XCConfigurationList section */
		854527C5204048CF00DFC643 /* Build configuration list for PBXProject "PRBuddy" */ = {
			isa = XCConfigurationList;
			buildConfigurations = (
				854527D8204048CF00DFC643 /* Debug */,
				854527D9204048CF00DFC643 /* Release */,
			);
			defaultConfigurationIsVisible = 0;
			defaultConfigurationName = Release;
		};
		854527DA204048CF00DFC643 /* Build configuration list for PBXNativeTarget "PRBuddy" */ = {
			isa = XCConfigurationList;
			buildConfigurations = (
				854527DB204048CF00DFC643 /* Debug */,
				854527DC204048CF00DFC643 /* Release */,
			);
			defaultConfigurationIsVisible = 0;
			defaultConfigurationName = Release;
		};
/* End XCConfigurationList section */
	};
	rootObject = 854527C2204048CF00DFC643 /* Project object */;
}
